speakeasyVersion: 1.686.0
sources:
    latest:
        sourceNamespace: api-latest
        sourceRevisionDigest: sha256:45ec8b92a810bd43916593c7a7ae98896a59a3ce2866fc5bf9a6015949306414
        sourceBlobDigest: sha256:b21eb00436c6972fb0fde3aea9e5efa5998e7a2fd2dbdaf4181ee244f44ac31f
        tags:
            - latest
            - speakeasy-sdk-regen-1768523550
targets:
    latest:
        source: latest
        sourceNamespace: api-latest
        sourceRevisionDigest: sha256:45ec8b92a810bd43916593c7a7ae98896a59a3ce2866fc5bf9a6015949306414
        sourceBlobDigest: sha256:b21eb00436c6972fb0fde3aea9e5efa5998e7a2fd2dbdaf4181ee244f44ac31f
        codeSamplesNamespace: latest-csharp-code-samples
        codeSamplesRevisionDigest: sha256:7e052e4227b89697dcd43436bc380e2d4a49e63169756e81b0b96414bb40bdf3
workflow:
    workflowVersion: 1.0.0
    speakeasyVersion: latest
    sources:
        latest:
            inputs:
                - location: registry.speakeasyapi.dev/moov/moov/api-latest
            registry:
                location: registry.speakeasyapi.dev/moov/moov/latest
    targets:
        latest:
            target: csharp
            source: latest
            publish:
                nuget:
                    apiKey: $nuget_api_key
            codeSamples:
                registry:
                    location: registry.speakeasyapi.dev/moov/moov/latest-csharp-code-samples
                labelOverride:
                    fixedValue: Csharp (SDK)
                blocking: false
