speakeasyVersion: 1.723.0
sources:
    latest:
        sourceNamespace: api-v2025.04.00
        sourceRevisionDigest: sha256:3f6d8a9001461941dee3677dc1290ffd8d02c6d364b7bbdfb8685de51cb76155
        sourceBlobDigest: sha256:ad91f31e83484cb32fdc777995a4ed61a8b377552aa29f6b25fcff53d0b5f36a
        tags:
            - latest
            - speakeasy-sdk-regen-versions-2025.04-1771641568
targets:
    latest:
        source: latest
        sourceNamespace: api-v2025.04.00
        sourceRevisionDigest: sha256:3f6d8a9001461941dee3677dc1290ffd8d02c6d364b7bbdfb8685de51cb76155
        sourceBlobDigest: sha256:ad91f31e83484cb32fdc777995a4ed61a8b377552aa29f6b25fcff53d0b5f36a
        codeSamplesNamespace: v2025.04.00-csharp-code-samples
        codeSamplesRevisionDigest: sha256:1b6b6484d0268654cf27d8531ba4dd70f419bb05a331f9fadfcc2331919b7832
workflow:
    workflowVersion: 1.0.0
    speakeasyVersion: latest
    sources:
        latest:
            inputs:
                - location: registry.speakeasyapi.dev/moov/moov/api-v2025.04.00
            registry:
                location: registry.speakeasyapi.dev/moov/moov/python-v2025.04.00
    targets:
        latest:
            target: csharp
            source: latest
            publish:
                nuget:
                    apiKey: $nuget_api_key
            codeSamples:
                registry:
                    location: registry.speakeasyapi.dev/moov/moov/v2025.04.00-csharp-code-samples
                labelOverride:
                    fixedValue: Csharp (SDK)
                blocking: false
