speakeasyVersion: 1.759.1
sources:
    latest:
        sourceNamespace: api-v2025.07.00
        sourceRevisionDigest: sha256:d79641842a670f2eb2dfcb8620725901484c17963cdc2dcc9c6f4f194c404e08
        sourceBlobDigest: sha256:92d70db4d1682455831dfaf27b1447471b1cd29d74e14607c59f9782771941cc
        tags:
            - latest
targets:
    latest:
        source: latest
        sourceNamespace: api-v2025.07.00
        sourceRevisionDigest: sha256:d79641842a670f2eb2dfcb8620725901484c17963cdc2dcc9c6f4f194c404e08
        sourceBlobDigest: sha256:92d70db4d1682455831dfaf27b1447471b1cd29d74e14607c59f9782771941cc
        codeSamplesNamespace: v2025.07.00-csharp-code-samples
        codeSamplesRevisionDigest: sha256:20d6ec55a713900775204d615f1cdb5c2422d87a47f187ed6d558bd59953b885
workflow:
    workflowVersion: 1.0.0
    speakeasyVersion: latest
    sources:
        latest:
            inputs:
                - location: registry.speakeasyapi.dev/moov/moov/api-v2025.07.00
            registry:
                location: registry.speakeasyapi.dev/moov/moov/python-v2025.07.00
    targets:
        latest:
            target: csharp
            source: latest
            publish:
                nuget:
                    apiKey: $nuget_api_key
            codeSamples:
                registry:
                    location: registry.speakeasyapi.dev/moov/moov/v2025.07.00-csharp-code-samples
                labelOverride:
                    fixedValue: Csharp (SDK)
                blocking: false
